{
  "name": "@kargo/llm-matrix",
  "version": "0.1.0",
  "lockfileVersion": 3,
  "requires": true,
  "packages": {
    "": {
      "name": "@kargo/llm-matrix",
      "version": "0.1.0",
      "workspaces": [
        "services/*",
        "packages/*"
      ],
      "engines": {
        "node": ">=20"
      }
    },
    "node_modules/@kargo/llm-broker": {
      "resolved": "services/broker",
      "link": true
    },
    "node_modules/@kargo/llm-classification": {
      "resolved": "services/classification",
      "link": true
    },
    "node_modules/@kargo/llm-documents": {
      "resolved": "services/documents",
      "link": true
    },
    "node_modules/@kargo/llm-logistics": {
      "resolved": "services/logistics",
      "link": true
    },
    "node_modules/@kargo/llm-ocr": {
      "resolved": "services/ocr",
      "link": true
    },
    "node_modules/@kargo/llm-risk": {
      "resolved": "services/risk",
      "link": true
    },
    "node_modules/@kargo/llm-shared": {
      "resolved": "packages/shared",
      "link": true
    },
    "node_modules/unpdf": {
      "version": "1.8.0",
      "resolved": "https://registry.npmmirror.com/unpdf/-/unpdf-1.8.0.tgz",
      "integrity": "sha512-jQlkckbe5nKxRHQdbvo9IKHlU6Cjq00UlxxB8lrCIxvS2o5IbAL1wM+4a1Yc3+BIohg9p5AsoaftwO+G4Aq/qQ==",
      "license": "MIT",
      "engines": {
        "node": ">=22"
      },
      "peerDependencies": {
        "@napi-rs/canvas": "^0.1.69 || ^1.0.0"
      },
      "peerDependenciesMeta": {
        "@napi-rs/canvas": {
          "optional": true
        }
      }
    },
    "packages/shared": {
      "name": "@kargo/llm-shared",
      "version": "0.1.0"
    },
    "services/broker": {
      "name": "@kargo/llm-broker",
      "version": "0.1.0"
    },
    "services/classification": {
      "name": "@kargo/llm-classification",
      "version": "0.0.1"
    },
    "services/documents": {
      "name": "@kargo/llm-documents",
      "version": "0.1.0"
    },
    "services/logistics": {
      "name": "@kargo/llm-logistics",
      "version": "0.1.0"
    },
    "services/ocr": {
      "name": "@kargo/llm-ocr",
      "version": "0.1.0",
      "dependencies": {
        "unpdf": "^1.8.0"
      }
    },
    "services/risk": {
      "name": "@kargo/llm-risk",
      "version": "0.1.0"
    }
  }
}
